{
  "requires": true,
  "lockfileVersion": 1,
  "dependencies": {
    "@babel/preset-env-standalone": {
      "version": "7.7.4",
      "resolved": "https://registry.npmjs.org/@babel/preset-env-standalone/-/preset-env-standalone-7.7.4.tgz",
      "integrity": "sha512-n+RunnLpSm98bvhGLjEBWmwmpNovFFjvOsK1RrU2dDZ1Km9A7pIivqsCO9wRaggh1H31aaLxKu85RA/KVKlu9g=="
    }
  }
}
